
Microsoft Visual Studio Solution File, Format Version 12.00
# Visual Studio Express 2013 for Windows Desktop
VisualStudioVersion = 12.0.30723.0
MinimumVisualStudioVersion = 10.0.40219.1
Project("{8BC9CEB8-8B4A-11D0-8D11-00A0C91BC942}") = "ProcessCloseDll", "FirefoxHookDll\FirefoxHookDll.vcxproj", "{0F677180-3092-457D-843D-5106EF7F562B}"
EndProject
Project("{8BC9CEB8-8B4A-11D0-8D11-00A0C91BC942}") = "FireFoxHook", "FireFoxHook\FireFoxHook.vcxproj", "{1FE88B59-7DCD-40EF-B657-0C0FFEC022BA}"
EndProject
Project("{8BC9CEB8-8B4A-11D0-8D11-00A0C91BC942}") = "ProcessCreateDll", "ProcessCreateDll\ProcessCreateDll.vcxproj", "{E6C6C2B8-AAE4-4A1D-A5E6-968BCCF1EE04}"
EndProject
Global
	GlobalSection(SolutionConfigurationPlatforms) = preSolution
		Debug|Win32 = Debug|Win32
		Release|Win32 = Release|Win32
	EndGlobalSection
	GlobalSection(ProjectConfigurationPlatforms) = postSolution
		{0F677180-3092-457D-843D-5106EF7F562B}.Debug|Win32.ActiveCfg = Debug|Win32
		{0F677180-3092-457D-843D-5106EF7F562B}.Debug|Win32.Build.0 = Debug|Win32
		{0F677180-3092-457D-843D-5106EF7F562B}.Release|Win32.ActiveCfg = Release|Win32
		{0F677180-3092-457D-843D-5106EF7F562B}.Release|Win32.Build.0 = Release|Win32
		{1FE88B59-7DCD-40EF-B657-0C0FFEC022BA}.Debug|Win32.ActiveCfg = Debug|Win32
		{1FE88B59-7DCD-40EF-B657-0C0FFEC022BA}.Debug|Win32.Build.0 = Debug|Win32
		{1FE88B59-7DCD-40EF-B657-0C0FFEC022BA}.Release|Win32.ActiveCfg = Release|Win32
		{1FE88B59-7DCD-40EF-B657-0C0FFEC022BA}.Release|Win32.Build.0 = Release|Win32
		{E6C6C2B8-AAE4-4A1D-A5E6-968BCCF1EE04}.Debug|Win32.ActiveCfg = Debug|Win32
		{E6C6C2B8-AAE4-4A1D-A5E6-968BCCF1EE04}.Debug|Win32.Build.0 = Debug|Win32
		{E6C6C2B8-AAE4-4A1D-A5E6-968BCCF1EE04}.Release|Win32.ActiveCfg = Release|Win32
		{E6C6C2B8-AAE4-4A1D-A5E6-968BCCF1EE04}.Release|Win32.Build.0 = Release|Win32
	EndGlobalSection
	GlobalSection(SolutionProperties) = preSolution
		HideSolutionNode = FALSE
	EndGlobalSection
EndGlobal
